
Microsoft Visual Studio Solution File, Format Version 12.00
# Visual Studio Version 17
VisualStudioVersion = 17.1.32210.238
MinimumVisualStudioVersion = 10.0.40219.1
Project("{9A19103F-16F7-4668-BE54-9A1E7A4F7556}") = "AudioCuesheetEditor", "AudioCuesheetEditor\AudioCuesheetEditor.csproj", "{099AE4DF-4847-460F-BBF2-207B9A35B58D}"
EndProject
Project("{9A19103F-16F7-4668-BE54-9A1E7A4F7556}") = "AudioCuesheetEditorTests", "AudioCuesheetEditorTests\AudioCuesheetEditorTests.csproj", "{12CA5D1F-D758-4016-85D0-A045AC06CFE6}"
EndProject
Global
	GlobalSection(SolutionConfigurationPlatforms) = preSolution
		Debug|Any CPU = Debug|Any CPU
		Release|Any CPU = Release|Any CPU
	EndGlobalSection
	GlobalSection(ProjectConfigurationPlatforms) = postSolution
		{099AE4DF-4847-460F-BBF2-207B9A35B58D}.Debug|Any CPU.ActiveCfg = Debug|Any CPU
		{099AE4DF-4847-460F-BBF2-207B9A35B58D}.Debug|Any CPU.Build.0 = Debug|Any CPU
		{099AE4DF-4847-460F-BBF2-207B9A35B58D}.Release|Any CPU.ActiveCfg = Release|Any CPU
		{099AE4DF-4847-460F-BBF2-207B9A35B58D}.Release|Any CPU.Build.0 = Release|Any CPU
		{12CA5D1F-D758-4016-85D0-A045AC06CFE6}.Debug|Any CPU.ActiveCfg = Debug|Any CPU
		{12CA5D1F-D758-4016-85D0-A045AC06CFE6}.Debug|Any CPU.Build.0 = Debug|Any CPU
		{12CA5D1F-D758-4016-85D0-A045AC06CFE6}.Release|Any CPU.ActiveCfg = Release|Any CPU
		{12CA5D1F-D758-4016-85D0-A045AC06CFE6}.Release|Any CPU.Build.0 = Release|Any CPU
	EndGlobalSection
	GlobalSection(SolutionProperties) = preSolution
		HideSolutionNode = FALSE
	EndGlobalSection
	GlobalSection(ExtensibilityGlobals) = postSolution
		SolutionGuid = {225C235E-EA31-4C24-9DBC-8DAE6167090F}
	EndGlobalSection
EndGlobal
